{
  "pins" : [
    {
      "identity" : "concurrency",
      "kind" : "remoteSourceControl",
      "location" : "https://github.com/space-code/concurrency",
      "state" : {
        "revision" : "f9611694f77f64e43d9467a16b2f5212cd04099b",
        "version" : "0.0.1"
      }
    }
  ],
  "version" : 2
}
