{
  "pins" : [
    {
      "identity" : "atomic",
      "kind" : "remoteSourceControl",
      "location" : "https://github.com/space-code/atomic.git",
      "state" : {
        "revision" : "6304c805e9d97fe1239bcde561234d857164cb10",
        "version" : "1.1.0"
      }
    },
    {
      "identity" : "concurrency",
      "kind" : "remoteSourceControl",
      "location" : "https://github.com/space-code/concurrency",
      "state" : {
        "revision" : "f9611694f77f64e43d9467a16b2f5212cd04099b",
        "version" : "0.0.1"
      }
    },
    {
      "identity" : "log",
      "kind" : "remoteSourceControl",
      "location" : "https://github.com/space-code/log",
      "state" : {
        "revision" : "d99fff5656c31ef7e604965b90a50ec10539c98f",
        "version" : "1.1.0"
      }
    },
    {
      "identity" : "swift-docc-plugin",
      "kind" : "remoteSourceControl",
      "location" : "https://github.com/apple/swift-docc-plugin",
      "state" : {
        "revision" : "85e4bb4e1cd62cec64a4b8e769dcefdf0c5b9d64",
        "version" : "1.4.3"
      }
    },
    {
      "identity" : "swift-docc-symbolkit",
      "kind" : "remoteSourceControl",
      "location" : "https://github.com/swiftlang/swift-docc-symbolkit",
      "state" : {
        "revision" : "b45d1f2ed151d057b54504d653e0da5552844e34",
        "version" : "1.0.0"
      }
    },
    {
      "identity" : "swift-snapshot-testing",
      "kind" : "remoteSourceControl",
      "location" : "https://github.com/pointfreeco/swift-snapshot-testing",
      "state" : {
        "revision" : "42a086182681cf661f5c47c9b7dc3931de18c6d7",
        "version" : "1.17.6"
      }
    },
    {
      "identity" : "swift-syntax",
      "kind" : "remoteSourceControl",
      "location" : "https://github.com/swiftlang/swift-syntax",
      "state" : {
        "revision" : "64889f0c732f210a935a0ad7cda38f77f876262d",
        "version" : "509.1.1"
      }
    }
  ],
  "version" : 2
}
